
Microsoft Visual Studio Solution File, Format Version 12.00
# Visual Studio Version 16
VisualStudioVersion = 16.0.30503.244
MinimumVisualStudioVersion = 10.0.40219.1
Project("{FAE04EC0-301F-11D3-BF4B-00C04F79EFBC}") = "ShApi", "ShApi.csproj", "{29866C16-AB82-4EED-AE4A-4474EF158A0A}"
EndProject
Global
	GlobalSection(SolutionConfigurationPlatforms) = preSolution
		Debug|Any CPU = Debug|Any CPU
		Release|Any CPU = Release|Any CPU
	EndGlobalSection
	GlobalSection(ProjectConfigurationPlatforms) = postSolution
		{29866C16-AB82-4EED-AE4A-4474EF158A0A}.Debug|Any CPU.ActiveCfg = Debug|Any CPU
		{29866C16-AB82-4EED-AE4A-4474EF158A0A}.Debug|Any CPU.Build.0 = Debug|Any CPU
		{29866C16-AB82-4EED-AE4A-4474EF158A0A}.Release|Any CPU.ActiveCfg = Release|Any CPU
		{29866C16-AB82-4EED-AE4A-4474EF158A0A}.Release|Any CPU.Build.0 = Release|Any CPU
	EndGlobalSection
	GlobalSection(SolutionProperties) = preSolution
		HideSolutionNode = FALSE
	EndGlobalSection
	GlobalSection(ExtensibilityGlobals) = postSolution
		SolutionGuid = {550A642C-FBB3-4C76-A7D1-B376CC273318}
	EndGlobalSection
EndGlobal
